
Microsoft Visual Studio Solution File, Format Version 12.00
# Visual Studio 15
VisualStudioVersion = 15.0.28307.329
MinimumVisualStudioVersion = 10.0.40219.1
Project("{9A19103F-16F7-4668-BE54-9A1E7A4F7556}") = "BuildTrackerApi", "BuildTrackerApi\BuildTrackerApi.csproj", "{6A93F337-3DEE-49BB-849E-B8833B77D00D}"
EndProject
Project("{FAE04EC0-301F-11D3-BF4B-00C04F79EFBC}") = "BuildTrackerMobile.Android", "BuildTrackerMobile\BuildTrackerMobile.Android\BuildTrackerMobile.Android.csproj", "{24CE3C36-16B9-426D-AA0C-5961ECF8D88C}"
EndProject
Project("{FAE04EC0-301F-11D3-BF4B-00C04F79EFBC}") = "BuildTrackerMobile.iOS", "BuildTrackerMobile\BuildTrackerMobile.iOS\BuildTrackerMobile.iOS.csproj", "{3B265599-8633-4413-A7D9-222317182E33}"
EndProject
Project("{FAE04EC0-301F-11D3-BF4B-00C04F79EFBC}") = "BuildTrackerMobile", "BuildTrackerMobile\BuildTrackerMobile\BuildTrackerMobile.csproj", "{FE3ADF5D-6C04-412C-9BD2-32A51248A607}"
EndProject
Global
	GlobalSection(SolutionConfigurationPlatforms) = preSolution
		Debug|Any CPU = Debug|Any CPU
		Debug|iPhone = Debug|iPhone
		Debug|iPhoneSimulator = Debug|iPhoneSimulator
		Release|Any CPU = Release|Any CPU
		Release|iPhone = Release|iPhone
		Release|iPhoneSimulator = Release|iPhoneSimulator
	EndGlobalSection
	GlobalSection(ProjectConfigurationPlatforms) = postSolution
		{6A93F337-3DEE-49BB-849E-B8833B77D00D}.Debug|Any CPU.ActiveCfg = Debug|Any CPU
		{6A93F337-3DEE-49BB-849E-B8833B77D00D}.Debug|Any CPU.Build.0 = Debug|Any CPU
		{6A93F337-3DEE-49BB-849E-B8833B77D00D}.Debug|iPhone.ActiveCfg = Debug|Any CPU
		{6A93F337-3DEE-49BB-849E-B8833B77D00D}.Debug|iPhone.Build.0 = Debug|Any CPU
		{6A93F337-3DEE-49BB-849E-B8833B77D00D}.Debug|iPhoneSimulator.ActiveCfg = Debug|Any CPU
		{6A93F337-3DEE-49BB-849E-B8833B77D00D}.Debug|iPhoneSimulator.Build.0 = Debug|Any CPU
		{6A93F337-3DEE-49BB-849E-B8833B77D00D}.Release|Any CPU.ActiveCfg = Release|Any CPU
		{6A93F337-3DEE-49BB-849E-B8833B77D00D}.Release|Any CPU.Build.0 = Release|Any CPU
		{6A93F337-3DEE-49BB-849E-B8833B77D00D}.Release|iPhone.ActiveCfg = Release|Any CPU
		{6A93F337-3DEE-49BB-849E-B8833B77D00D}.Release|iPhone.Build.0 = Release|Any CPU
		{6A93F337-3DEE-49BB-849E-B8833B77D00D}.Release|iPhoneSimulator.ActiveCfg = Release|Any CPU
		{6A93F337-3DEE-49BB-849E-B8833B77D00D}.Release|iPhoneSimulator.Build.0 = Release|Any CPU
		{24CE3C36-16B9-426D-AA0C-5961ECF8D88C}.Debug|Any CPU.ActiveCfg = Debug|Any CPU
		{24CE3C36-16B9-426D-AA0C-5961ECF8D88C}.Debug|Any CPU.Build.0 = Debug|Any CPU
		{24CE3C36-16B9-426D-AA0C-5961ECF8D88C}.Debug|Any CPU.Deploy.0 = Debug|Any CPU
		{24CE3C36-16B9-426D-AA0C-5961ECF8D88C}.Debug|iPhone.ActiveCfg = Debug|Any CPU
		{24CE3C36-16B9-426D-AA0C-5961ECF8D88C}.Debug|iPhone.Build.0 = Debug|Any CPU
		{24CE3C36-16B9-426D-AA0C-5961ECF8D88C}.Debug|iPhone.Deploy.0 = Debug|Any CPU
		{24CE3C36-16B9-426D-AA0C-5961ECF8D88C}.Debug|iPhoneSimulator.ActiveCfg = Debug|Any CPU
		{24CE3C36-16B9-426D-AA0C-5961ECF8D88C}.Debug|iPhoneSimulator.Build.0 = Debug|Any CPU
		{24CE3C36-16B9-426D-AA0C-5961ECF8D88C}.Debug|iPhoneSimulator.Deploy.0 = Debug|Any CPU
		{24CE3C36-16B9-426D-AA0C-5961ECF8D88C}.Release|Any CPU.ActiveCfg = Release|Any CPU
		{24CE3C36-16B9-426D-AA0C-5961ECF8D88C}.Release|Any CPU.Build.0 = Release|Any CPU
		{24CE3C36-16B9-426D-AA0C-5961ECF8D88C}.Release|Any CPU.Deploy.0 = Release|Any CPU
		{24CE3C36-16B9-426D-AA0C-5961ECF8D88C}.Release|iPhone.ActiveCfg = Release|Any CPU
		{24CE3C36-16B9-426D-AA0C-5961ECF8D88C}.Release|iPhone.Build.0 = Release|Any CPU
		{24CE3C36-16B9-426D-AA0C-5961ECF8D88C}.Release|iPhone.Deploy.0 = Release|Any CPU
		{24CE3C36-16B9-426D-AA0C-5961ECF8D88C}.Release|iPhoneSimulator.ActiveCfg = Release|Any CPU
		{24CE3C36-16B9-426D-AA0C-5961ECF8D88C}.Release|iPhoneSimulator.Build.0 = Release|Any CPU
		{24CE3C36-16B9-426D-AA0C-5961ECF8D88C}.Release|iPhoneSimulator.Deploy.0 = Release|Any CPU
		{3B265599-8633-4413-A7D9-222317182E33}.Debug|Any CPU.ActiveCfg = Debug|iPhone
		{3B265599-8633-4413-A7D9-222317182E33}.Debug|iPhone.ActiveCfg = Debug|iPhone
		{3B265599-8633-4413-A7D9-222317182E33}.Debug|iPhone.Build.0 = Debug|iPhone
		{3B265599-8633-4413-A7D9-222317182E33}.Debug|iPhoneSimulator.ActiveCfg = Debug|iPhoneSimulator
		{3B265599-8633-4413-A7D9-222317182E33}.Debug|iPhoneSimulator.Build.0 = Debug|iPhoneSimulator
		{3B265599-8633-4413-A7D9-222317182E33}.Release|Any CPU.ActiveCfg = Release|iPhone
		{3B265599-8633-4413-A7D9-222317182E33}.Release|iPhone.ActiveCfg = Release|iPhone
		{3B265599-8633-4413-A7D9-222317182E33}.Release|iPhone.Build.0 = Release|iPhone
		{3B265599-8633-4413-A7D9-222317182E33}.Release|iPhoneSimulator.ActiveCfg = Release|iPhoneSimulator
		{3B265599-8633-4413-A7D9-222317182E33}.Release|iPhoneSimulator.Build.0 = Release|iPhoneSimulator
		{FE3ADF5D-6C04-412C-9BD2-32A51248A607}.Debug|Any CPU.ActiveCfg = Debug|Any CPU
		{FE3ADF5D-6C04-412C-9BD2-32A51248A607}.Debug|Any CPU.Build.0 = Debug|Any CPU
		{FE3ADF5D-6C04-412C-9BD2-32A51248A607}.Debug|iPhone.ActiveCfg = Debug|Any CPU
		{FE3ADF5D-6C04-412C-9BD2-32A51248A607}.Debug|iPhone.Build.0 = Debug|Any CPU
		{FE3ADF5D-6C04-412C-9BD2-32A51248A607}.Debug|iPhoneSimulator.ActiveCfg = Debug|Any CPU
		{FE3ADF5D-6C04-412C-9BD2-32A51248A607}.Debug|iPhoneSimulator.Build.0 = Debug|Any CPU
		{FE3ADF5D-6C04-412C-9BD2-32A51248A607}.Release|Any CPU.ActiveCfg = Release|Any CPU
		{FE3ADF5D-6C04-412C-9BD2-32A51248A607}.Release|Any CPU.Build.0 = Release|Any CPU
		{FE3ADF5D-6C04-412C-9BD2-32A51248A607}.Release|iPhone.ActiveCfg = Release|Any CPU
		{FE3ADF5D-6C04-412C-9BD2-32A51248A607}.Release|iPhone.Build.0 = Release|Any CPU
		{FE3ADF5D-6C04-412C-9BD2-32A51248A607}.Release|iPhoneSimulator.ActiveCfg = Release|Any CPU
		{FE3ADF5D-6C04-412C-9BD2-32A51248A607}.Release|iPhoneSimulator.Build.0 = Release|Any CPU
	EndGlobalSection
	GlobalSection(SolutionProperties) = preSolution
		HideSolutionNode = FALSE
	EndGlobalSection
	GlobalSection(ExtensibilityGlobals) = postSolution
		SolutionGuid = {710EE7F5-4C92-4FB4-8B77-B6EF8E2420F6}
	EndGlobalSection
EndGlobal
